
Microsoft Visual Studio Solution File, Format Version 12.00
# Visual Studio Version 17
VisualStudioVersion = 17.14.36203.30 d17.14
MinimumVisualStudioVersion = 10.0.40219.1
Project("{FAE04EC0-301F-11D3-BF4B-00C04F79EFBC}") = "Restaurant.API", "Restaurant.API\Restaurant.API.csproj", "{6A156A7B-1E1C-4ED3-8DDD-6A2E64CE810E}"
EndProject
Project("{FAE04EC0-301F-11D3-BF4B-00C04F79EFBC}") = "Restaurant.Core", "Restaurant.Core\Restaurant.Core.csproj", "{5809352F-9F2E-4CA2-902F-A6420E8AE7A7}"
EndProject
Project("{FAE04EC0-301F-11D3-BF4B-00C04F79EFBC}") = "Restaurant.Infra", "Restaurant.Infra\Restaurant.Infra.csproj", "{F2577390-CA69-4E51-9BAD-1913BD5A18B8}"
EndProject
Global
	GlobalSection(SolutionConfigurationPlatforms) = preSolution
		Debug|Any CPU = Debug|Any CPU
		Release|Any CPU = Release|Any CPU
	EndGlobalSection
	GlobalSection(ProjectConfigurationPlatforms) = postSolution
		{6A156A7B-1E1C-4ED3-8DDD-6A2E64CE810E}.Debug|Any CPU.ActiveCfg = Debug|Any CPU
		{6A156A7B-1E1C-4ED3-8DDD-6A2E64CE810E}.Debug|Any CPU.Build.0 = Debug|Any CPU
		{6A156A7B-1E1C-4ED3-8DDD-6A2E64CE810E}.Release|Any CPU.ActiveCfg = Release|Any CPU
		{6A156A7B-1E1C-4ED3-8DDD-6A2E64CE810E}.Release|Any CPU.Build.0 = Release|Any CPU
		{5809352F-9F2E-4CA2-902F-A6420E8AE7A7}.Debug|Any CPU.ActiveCfg = Debug|Any CPU
		{5809352F-9F2E-4CA2-902F-A6420E8AE7A7}.Debug|Any CPU.Build.0 = Debug|Any CPU
		{5809352F-9F2E-4CA2-902F-A6420E8AE7A7}.Release|Any CPU.ActiveCfg = Release|Any CPU
		{5809352F-9F2E-4CA2-902F-A6420E8AE7A7}.Release|Any CPU.Build.0 = Release|Any CPU
		{F2577390-CA69-4E51-9BAD-1913BD5A18B8}.Debug|Any CPU.ActiveCfg = Debug|Any CPU
		{F2577390-CA69-4E51-9BAD-1913BD5A18B8}.Debug|Any CPU.Build.0 = Debug|Any CPU
		{F2577390-CA69-4E51-9BAD-1913BD5A18B8}.Release|Any CPU.ActiveCfg = Release|Any CPU
		{F2577390-CA69-4E51-9BAD-1913BD5A18B8}.Release|Any CPU.Build.0 = Release|Any CPU
	EndGlobalSection
	GlobalSection(SolutionProperties) = preSolution
		HideSolutionNode = FALSE
	EndGlobalSection
	GlobalSection(ExtensibilityGlobals) = postSolution
		SolutionGuid = {4464E9B5-9221-4C77-8BCE-A25DC8A4053A}
	EndGlobalSection
EndGlobal
